
Microsoft Visual Studio Solution File, Format Version 12.00
# Visual Studio 15
VisualStudioVersion = 15.0.28307.1525
MinimumVisualStudioVersion = 10.0.40219.1
Project("{FAE04EC0-301F-11D3-BF4B-00C04F79EFBC}") = "WCFDemo3", "WCFDemo3\WCFDemo3.csproj", "{9AB688C3-7566-45F2-95F1-E57180DE33CC}"
EndProject
Project("{FAE04EC0-301F-11D3-BF4B-00C04F79EFBC}") = "Client", "Client\Client.csproj", "{EA2C9616-9F5D-46E3-8448-6891DEB66E78}"
EndProject
Global
	GlobalSection(SolutionConfigurationPlatforms) = preSolution
		Debug|Any CPU = Debug|Any CPU
		Release|Any CPU = Release|Any CPU
	EndGlobalSection
	GlobalSection(ProjectConfigurationPlatforms) = postSolution
		{9AB688C3-7566-45F2-95F1-E57180DE33CC}.Debug|Any CPU.ActiveCfg = Debug|Any CPU
		{9AB688C3-7566-45F2-95F1-E57180DE33CC}.Debug|Any CPU.Build.0 = Debug|Any CPU
		{9AB688C3-7566-45F2-95F1-E57180DE33CC}.Release|Any CPU.ActiveCfg = Release|Any CPU
		{9AB688C3-7566-45F2-95F1-E57180DE33CC}.Release|Any CPU.Build.0 = Release|Any CPU
		{EA2C9616-9F5D-46E3-8448-6891DEB66E78}.Debug|Any CPU.ActiveCfg = Debug|Any CPU
		{EA2C9616-9F5D-46E3-8448-6891DEB66E78}.Debug|Any CPU.Build.0 = Debug|Any CPU
		{EA2C9616-9F5D-46E3-8448-6891DEB66E78}.Release|Any CPU.ActiveCfg = Release|Any CPU
		{EA2C9616-9F5D-46E3-8448-6891DEB66E78}.Release|Any CPU.Build.0 = Release|Any CPU
	EndGlobalSection
	GlobalSection(SolutionProperties) = preSolution
		HideSolutionNode = FALSE
	EndGlobalSection
	GlobalSection(ExtensibilityGlobals) = postSolution
		SolutionGuid = {9A81EEFD-906D-47AF-9707-A927CA47E5F7}
	EndGlobalSection
EndGlobal
